
Microsoft Visual Studio Solution File, Format Version 12.00
# Visual Studio Version 17
VisualStudioVersion = 17.6.33829.357
MinimumVisualStudioVersion = 10.0.40219.1
Project("{FAE04EC0-301F-11D3-BF4B-00C04F79EFBC}") = "Document.Manager", "Document.Manager\Document.Manager.csproj", "{0FCABEC6-F20D-49EA-A211-AFF171E678BE}"
EndProject
Global
	GlobalSection(SolutionConfigurationPlatforms) = preSolution
		Debug|Any CPU = Debug|Any CPU
		Release|Any CPU = Release|Any CPU
	EndGlobalSection
	GlobalSection(ProjectConfigurationPlatforms) = postSolution
		{0FCABEC6-F20D-49EA-A211-AFF171E678BE}.Debug|Any CPU.ActiveCfg = Debug|Any CPU
		{0FCABEC6-F20D-49EA-A211-AFF171E678BE}.Debug|Any CPU.Build.0 = Debug|Any CPU
		{0FCABEC6-F20D-49EA-A211-AFF171E678BE}.Release|Any CPU.ActiveCfg = Release|Any CPU
		{0FCABEC6-F20D-49EA-A211-AFF171E678BE}.Release|Any CPU.Build.0 = Release|Any CPU
	EndGlobalSection
	GlobalSection(SolutionProperties) = preSolution
		HideSolutionNode = FALSE
	EndGlobalSection
	GlobalSection(ExtensibilityGlobals) = postSolution
		SolutionGuid = {DD86DCA2-6408-4B07-A766-73DFF37DF1E7}
	EndGlobalSection
EndGlobal
